
Microsoft Visual Studio Solution File, Format Version 12.00
# Visual Studio Version 17
VisualStudioVersion = 17.4.33205.214
MinimumVisualStudioVersion = 10.0.40219.1
Project("{FAE04EC0-301F-11D3-BF4B-00C04F79EFBC}") = "RegistrationProblem", "RegistrationProblem\RegistrationProblem.csproj", "{FF2C7E8E-01D6-4349-AA4D-C17301D6D429}"
EndProject
Global
	GlobalSection(SolutionConfigurationPlatforms) = preSolution
		Debug|Any CPU = Debug|Any CPU
		Release|Any CPU = Release|Any CPU
	EndGlobalSection
	GlobalSection(ProjectConfigurationPlatforms) = postSolution
		{FF2C7E8E-01D6-4349-AA4D-C17301D6D429}.Debug|Any CPU.ActiveCfg = Debug|Any CPU
		{FF2C7E8E-01D6-4349-AA4D-C17301D6D429}.Debug|Any CPU.Build.0 = Debug|Any CPU
		{FF2C7E8E-01D6-4349-AA4D-C17301D6D429}.Release|Any CPU.ActiveCfg = Release|Any CPU
		{FF2C7E8E-01D6-4349-AA4D-C17301D6D429}.Release|Any CPU.Build.0 = Release|Any CPU
	EndGlobalSection
	GlobalSection(SolutionProperties) = preSolution
		HideSolutionNode = FALSE
	EndGlobalSection
	GlobalSection(ExtensibilityGlobals) = postSolution
		SolutionGuid = {680CC50C-BE27-4BB7-8F7C-CDC486B8098A}
	EndGlobalSection
EndGlobal
